
Microsoft Visual Studio Solution File, Format Version 12.00
# Visual Studio 15
VisualStudioVersion = 15.0.28010.2041
MinimumVisualStudioVersion = 10.0.40219.1
Project("{FAE04EC0-301F-11D3-BF4B-00C04F79EFBC}") = "IndProd.Web", "IndProd.Web\IndProd.Web.csproj", "{FAACA5EF-C90E-4EE2-A18C-ECEACEF3FB8F}"
EndProject
Global
	GlobalSection(SolutionConfigurationPlatforms) = preSolution
		Debug|Any CPU = Debug|Any CPU
		Release|Any CPU = Release|Any CPU
	EndGlobalSection
	GlobalSection(ProjectConfigurationPlatforms) = postSolution
		{FAACA5EF-C90E-4EE2-A18C-ECEACEF3FB8F}.Debug|Any CPU.ActiveCfg = Debug|Any CPU
		{FAACA5EF-C90E-4EE2-A18C-ECEACEF3FB8F}.Debug|Any CPU.Build.0 = Debug|Any CPU
		{FAACA5EF-C90E-4EE2-A18C-ECEACEF3FB8F}.Release|Any CPU.ActiveCfg = Release|Any CPU
		{FAACA5EF-C90E-4EE2-A18C-ECEACEF3FB8F}.Release|Any CPU.Build.0 = Release|Any CPU
	EndGlobalSection
	GlobalSection(SolutionProperties) = preSolution
		HideSolutionNode = FALSE
	EndGlobalSection
	GlobalSection(ExtensibilityGlobals) = postSolution
		SolutionGuid = {A75C26B7-2376-4C87-9BB2-83018987DB66}
	EndGlobalSection
EndGlobal
